
Microsoft Visual Studio Solution File, Format Version 12.00
# Visual Studio Version 17
VisualStudioVersion = 17.4.33403.182
MinimumVisualStudioVersion = 10.0.40219.1
Project("{FAE04EC0-301F-11D3-BF4B-00C04F79EFBC}") = "EmployeeManagement", "EmployeeManagement.csproj", "{8BEB63B1-215A-4E65-AC1D-50AE428D47B3}"
EndProject
Project("{FAE04EC0-301F-11D3-BF4B-00C04F79EFBC}") = "EmployeeManagement.Tests", "..\EmployeeManagement.Tests\EmployeeManagement.Tests.csproj", "{67C390EA-4AB5-494B-9DD6-C1C5DC9C14E8}"
EndProject
Global
	GlobalSection(SolutionConfigurationPlatforms) = preSolution
		Debug|Any CPU = Debug|Any CPU
		Release|Any CPU = Release|Any CPU
	EndGlobalSection
	GlobalSection(ProjectConfigurationPlatforms) = postSolution
		{8BEB63B1-215A-4E65-AC1D-50AE428D47B3}.Debug|Any CPU.ActiveCfg = Debug|Any CPU
		{8BEB63B1-215A-4E65-AC1D-50AE428D47B3}.Debug|Any CPU.Build.0 = Debug|Any CPU
		{8BEB63B1-215A-4E65-AC1D-50AE428D47B3}.Release|Any CPU.ActiveCfg = Release|Any CPU
		{8BEB63B1-215A-4E65-AC1D-50AE428D47B3}.Release|Any CPU.Build.0 = Release|Any CPU
		{67C390EA-4AB5-494B-9DD6-C1C5DC9C14E8}.Debug|Any CPU.ActiveCfg = Debug|Any CPU
		{67C390EA-4AB5-494B-9DD6-C1C5DC9C14E8}.Debug|Any CPU.Build.0 = Debug|Any CPU
		{67C390EA-4AB5-494B-9DD6-C1C5DC9C14E8}.Release|Any CPU.ActiveCfg = Release|Any CPU
		{67C390EA-4AB5-494B-9DD6-C1C5DC9C14E8}.Release|Any CPU.Build.0 = Release|Any CPU
	EndGlobalSection
	GlobalSection(SolutionProperties) = preSolution
		HideSolutionNode = FALSE
	EndGlobalSection
	GlobalSection(ExtensibilityGlobals) = postSolution
		SolutionGuid = {7DBC5ED2-9887-47F1-9514-36292176DA8F}
	EndGlobalSection
EndGlobal
